
Microsoft Visual Studio Solution File, Format Version 12.00
# Visual Studio Version 17
VisualStudioVersion = 17.0.32112.339
MinimumVisualStudioVersion = 10.0.40219.1
Project("{FAE04EC0-301F-11D3-BF4B-00C04F79EFBC}") = "VSF_XYPlugin", "VSF_XYPlugin\VSF_XYPlugin.csproj", "{8074ED65-C94D-432F-AFF2-D7B5D6AB593E}"
EndProject
Global
	GlobalSection(SolutionConfigurationPlatforms) = preSolution
		Debug|Any CPU = Debug|Any CPU
		Release|Any CPU = Release|Any CPU
	EndGlobalSection
	GlobalSection(ProjectConfigurationPlatforms) = postSolution
		{8074ED65-C94D-432F-AFF2-D7B5D6AB593E}.Debug|Any CPU.ActiveCfg = Debug|Any CPU
		{8074ED65-C94D-432F-AFF2-D7B5D6AB593E}.Debug|Any CPU.Build.0 = Debug|Any CPU
		{8074ED65-C94D-432F-AFF2-D7B5D6AB593E}.Release|Any CPU.ActiveCfg = Release|Any CPU
		{8074ED65-C94D-432F-AFF2-D7B5D6AB593E}.Release|Any CPU.Build.0 = Release|Any CPU
	EndGlobalSection
	GlobalSection(SolutionProperties) = preSolution
		HideSolutionNode = FALSE
	EndGlobalSection
	GlobalSection(ExtensibilityGlobals) = postSolution
		SolutionGuid = {AD47C6DD-3B6B-4E72-AB21-AD410675913B}
	EndGlobalSection
EndGlobal
